
Microsoft Visual Studio Solution File, Format Version 12.00
# Visual Studio 15
VisualStudioVersion = 15.0.26403.7
MinimumVisualStudioVersion = 10.0.40219.1
Project("{8BC9CEB8-8B4A-11D0-8D11-00A0C91BC942}") = "HoeMaIIPrak_1_1", "HoemaIIPrak_1_1\HoemaIIPrak_1_1.vcxproj", "{E39E30B9-1404-46C2-9636-262C795CF414}"
EndProject
Project("{8BC9CEB8-8B4A-11D0-8D11-00A0C91BC942}") = "HoeMaIIPrak_1_2", "HoemaIIPrak_1_2\HoemaIIPrak_1_2.vcxproj", "{00BFE9B7-8568-4C03-9B67-1C4DEE876745}"
EndProject
Project("{8BC9CEB8-8B4A-11D0-8D11-00A0C91BC942}") = "HoeMaIIPrak_1_3", "HoemaIIPrak_1_3\HoemaIIPrak_1_3.vcxproj", "{9372EBAE-216D-4720-A4BD-2A54FE212482}"
EndProject
Project("{8BC9CEB8-8B4A-11D0-8D11-00A0C91BC942}") = "HoeMaIIPrak_2_1", "HoeMaIIPrak_2_1\HoeMaIIPrak_2_1.vcxproj", "{A6705F96-7AB4-494F-BB42-C3155AE34895}"
EndProject
Project("{8BC9CEB8-8B4A-11D0-8D11-00A0C91BC942}") = "HoeMaIIPrak_2_2", "HoeMaIIPrak_2_2\HoeMaIIPrak_2_2.vcxproj", "{19514E4E-806D-4C49-9EE0-6161F1314E59}"
EndProject
Project("{8BC9CEB8-8B4A-11D0-8D11-00A0C91BC942}") = "HoeMaIIPrak_2_3", "HoeMaIIPrak_2_3\HoeMaIIPrak_2_3.vcxproj", "{72D104A4-C9DC-4FDD-81A9-2EB052C32D2C}"
EndProject
Project("{8BC9CEB8-8B4A-11D0-8D11-00A0C91BC942}") = "HoeMaIIPrak_3", "HoeMaIIPrak_3\HoeMaIIPrak_3.vcxproj", "{A7E46928-0B21-4D4D-902F-40F047F3C51D}"
EndProject
Project("{8BC9CEB8-8B4A-11D0-8D11-00A0C91BC942}") = "HoeMaIIPrak_4", "HoeMaIIPrak_4\HoeMaIIPrak_4.vcxproj", "{23FE4776-B369-435E-A6BE-C27DEF92C65E}"
EndProject
Global
	GlobalSection(SolutionConfigurationPlatforms) = preSolution
		Debug|x64 = Debug|x64
		Debug|x86 = Debug|x86
		Release|x64 = Release|x64
		Release|x86 = Release|x86
	EndGlobalSection
	GlobalSection(ProjectConfigurationPlatforms) = postSolution
		{E39E30B9-1404-46C2-9636-262C795CF414}.Debug|x64.ActiveCfg = Debug|x64
		{E39E30B9-1404-46C2-9636-262C795CF414}.Debug|x64.Build.0 = Debug|x64
		{E39E30B9-1404-46C2-9636-262C795CF414}.Debug|x86.ActiveCfg = Debug|Win32
		{E39E30B9-1404-46C2-9636-262C795CF414}.Debug|x86.Build.0 = Debug|Win32
		{E39E30B9-1404-46C2-9636-262C795CF414}.Release|x64.ActiveCfg = Release|x64
		{E39E30B9-1404-46C2-9636-262C795CF414}.Release|x64.Build.0 = Release|x64
		{E39E30B9-1404-46C2-9636-262C795CF414}.Release|x86.ActiveCfg = Release|Win32
		{E39E30B9-1404-46C2-9636-262C795CF414}.Release|x86.Build.0 = Release|Win32
		{00BFE9B7-8568-4C03-9B67-1C4DEE876745}.Debug|x64.ActiveCfg = Debug|x64
		{00BFE9B7-8568-4C03-9B67-1C4DEE876745}.Debug|x64.Build.0 = Debug|x64
		{00BFE9B7-8568-4C03-9B67-1C4DEE876745}.Debug|x86.ActiveCfg = Debug|Win32
		{00BFE9B7-8568-4C03-9B67-1C4DEE876745}.Debug|x86.Build.0 = Debug|Win32
		{00BFE9B7-8568-4C03-9B67-1C4DEE876745}.Release|x64.ActiveCfg = Release|x64
		{00BFE9B7-8568-4C03-9B67-1C4DEE876745}.Release|x64.Build.0 = Release|x64
		{00BFE9B7-8568-4C03-9B67-1C4DEE876745}.Release|x86.ActiveCfg = Release|Win32
		{00BFE9B7-8568-4C03-9B67-1C4DEE876745}.Release|x86.Build.0 = Release|Win32
		{9372EBAE-216D-4720-A4BD-2A54FE212482}.Debug|x64.ActiveCfg = Debug|x64
		{9372EBAE-216D-4720-A4BD-2A54FE212482}.Debug|x64.Build.0 = Debug|x64
		{9372EBAE-216D-4720-A4BD-2A54FE212482}.Debug|x86.ActiveCfg = Debug|Win32
		{9372EBAE-216D-4720-A4BD-2A54FE212482}.Debug|x86.Build.0 = Debug|Win32
		{9372EBAE-216D-4720-A4BD-2A54FE212482}.Release|x64.ActiveCfg = Release|x64
		{9372EBAE-216D-4720-A4BD-2A54FE212482}.Release|x64.Build.0 = Release|x64
		{9372EBAE-216D-4720-A4BD-2A54FE212482}.Release|x86.ActiveCfg = Release|Win32
		{9372EBAE-216D-4720-A4BD-2A54FE212482}.Release|x86.Build.0 = Release|Win32
		{A6705F96-7AB4-494F-BB42-C3155AE34895}.Debug|x64.ActiveCfg = Debug|x64
		{A6705F96-7AB4-494F-BB42-C3155AE34895}.Debug|x64.Build.0 = Debug|x64
		{A6705F96-7AB4-494F-BB42-C3155AE34895}.Debug|x86.ActiveCfg = Debug|Win32
		{A6705F96-7AB4-494F-BB42-C3155AE34895}.Debug|x86.Build.0 = Debug|Win32
		{A6705F96-7AB4-494F-BB42-C3155AE34895}.Release|x64.ActiveCfg = Release|x64
		{A6705F96-7AB4-494F-BB42-C3155AE34895}.Release|x64.Build.0 = Release|x64
		{A6705F96-7AB4-494F-BB42-C3155AE34895}.Release|x86.ActiveCfg = Release|Win32
		{A6705F96-7AB4-494F-BB42-C3155AE34895}.Release|x86.Build.0 = Release|Win32
		{19514E4E-806D-4C49-9EE0-6161F1314E59}.Debug|x64.ActiveCfg = Debug|x64
		{19514E4E-806D-4C49-9EE0-6161F1314E59}.Debug|x64.Build.0 = Debug|x64
		{19514E4E-806D-4C49-9EE0-6161F1314E59}.Debug|x86.ActiveCfg = Debug|Win32
		{19514E4E-806D-4C49-9EE0-6161F1314E59}.Debug|x86.Build.0 = Debug|Win32
		{19514E4E-806D-4C49-9EE0-6161F1314E59}.Release|x64.ActiveCfg = Release|x64
		{19514E4E-806D-4C49-9EE0-6161F1314E59}.Release|x64.Build.0 = Release|x64
		{19514E4E-806D-4C49-9EE0-6161F1314E59}.Release|x86.ActiveCfg = Release|Win32
		{19514E4E-806D-4C49-9EE0-6161F1314E59}.Release|x86.Build.0 = Release|Win32
		{72D104A4-C9DC-4FDD-81A9-2EB052C32D2C}.Debug|x64.ActiveCfg = Debug|x64
		{72D104A4-C9DC-4FDD-81A9-2EB052C32D2C}.Debug|x64.Build.0 = Debug|x64
		{72D104A4-C9DC-4FDD-81A9-2EB052C32D2C}.Debug|x86.ActiveCfg = Debug|Win32
		{72D104A4-C9DC-4FDD-81A9-2EB052C32D2C}.Debug|x86.Build.0 = Debug|Win32
		{72D104A4-C9DC-4FDD-81A9-2EB052C32D2C}.Release|x64.ActiveCfg = Release|x64
		{72D104A4-C9DC-4FDD-81A9-2EB052C32D2C}.Release|x64.Build.0 = Release|x64
		{72D104A4-C9DC-4FDD-81A9-2EB052C32D2C}.Release|x86.ActiveCfg = Release|Win32
		{72D104A4-C9DC-4FDD-81A9-2EB052C32D2C}.Release|x86.Build.0 = Release|Win32
		{A7E46928-0B21-4D4D-902F-40F047F3C51D}.Debug|x64.ActiveCfg = Debug|x64
		{A7E46928-0B21-4D4D-902F-40F047F3C51D}.Debug|x64.Build.0 = Debug|x64
		{A7E46928-0B21-4D4D-902F-40F047F3C51D}.Debug|x86.ActiveCfg = Debug|Win32
		{A7E46928-0B21-4D4D-902F-40F047F3C51D}.Debug|x86.Build.0 = Debug|Win32
		{A7E46928-0B21-4D4D-902F-40F047F3C51D}.Release|x64.ActiveCfg = Release|x64
		{A7E46928-0B21-4D4D-902F-40F047F3C51D}.Release|x64.Build.0 = Release|x64
		{A7E46928-0B21-4D4D-902F-40F047F3C51D}.Release|x86.ActiveCfg = Release|Win32
		{A7E46928-0B21-4D4D-902F-40F047F3C51D}.Release|x86.Build.0 = Release|Win32
		{23FE4776-B369-435E-A6BE-C27DEF92C65E}.Debug|x64.ActiveCfg = Debug|x64
		{23FE4776-B369-435E-A6BE-C27DEF92C65E}.Debug|x64.Build.0 = Debug|x64
		{23FE4776-B369-435E-A6BE-C27DEF92C65E}.Debug|x86.ActiveCfg = Debug|Win32
		{23FE4776-B369-435E-A6BE-C27DEF92C65E}.Debug|x86.Build.0 = Debug|Win32
		{23FE4776-B369-435E-A6BE-C27DEF92C65E}.Release|x64.ActiveCfg = Release|x64
		{23FE4776-B369-435E-A6BE-C27DEF92C65E}.Release|x64.Build.0 = Release|x64
		{23FE4776-B369-435E-A6BE-C27DEF92C65E}.Release|x86.ActiveCfg = Release|Win32
		{23FE4776-B369-435E-A6BE-C27DEF92C65E}.Release|x86.Build.0 = Release|Win32
	EndGlobalSection
	GlobalSection(SolutionProperties) = preSolution
		HideSolutionNode = FALSE
	EndGlobalSection
EndGlobal
